
Microsoft Visual Studio Solution File, Format Version 12.00
# Visual Studio 2012
Project("{8BC9CEB8-8B4A-11D0-8D11-00A0C91BC942}") = "MeetingSystemSetting", "MeetingSystemSetting.vcxproj", "{2C2B045A-EBAE-4209-B2D6-D28F0BC3A3D3}"
EndProject
Global
	GlobalSection(SolutionConfigurationPlatforms) = preSolution
		Debug|Win32 = Debug|Win32
		Release|Win32 = Release|Win32
	EndGlobalSection
	GlobalSection(ProjectConfigurationPlatforms) = postSolution
		{2C2B045A-EBAE-4209-B2D6-D28F0BC3A3D3}.Debug|Win32.ActiveCfg = Debug|Win32
		{2C2B045A-EBAE-4209-B2D6-D28F0BC3A3D3}.Debug|Win32.Build.0 = Debug|Win32
		{2C2B045A-EBAE-4209-B2D6-D28F0BC3A3D3}.Release|Win32.ActiveCfg = Release|Win32
		{2C2B045A-EBAE-4209-B2D6-D28F0BC3A3D3}.Release|Win32.Build.0 = Release|Win32
	EndGlobalSection
	GlobalSection(SolutionProperties) = preSolution
		HideSolutionNode = FALSE
	EndGlobalSection
EndGlobal
